
Microsoft Visual Studio Solution File, Format Version 12.00
# Visual Studio Version 17
VisualStudioVersion = 17.0.31903.59
MinimumVisualStudioVersion = 10.0.40219.1
Project("{9A19103F-16F7-4668-BE54-9A1E7A4F7556}") = "PointingPoker.Server", "PointingPoker.Server\PointingPoker.Server.csproj", "{8085F32F-47A9-4FF2-9240-C5A26DE1936A}"
EndProject
Project("{2150E333-8FDC-42A3-9474-1A3956D46DE8}") = "Solution Items", "Solution Items", "{16729495-4A13-4BB7-A750-AEA66C3C29F4}"
	ProjectSection(SolutionItems) = preProject
		.editorconfig = .editorconfig
	EndProjectSection
EndProject
Project("{9A19103F-16F7-4668-BE54-9A1E7A4F7556}") = "PointingPoker.Razor", "PointingPoker.Razor\PointingPoker.Razor.csproj", "{9D335CC7-5B48-4ACC-892E-E9EB31287647}"
EndProject
Project("{9A19103F-16F7-4668-BE54-9A1E7A4F7556}") = "PointingPoker.API", "PointingPoker.API\PointingPoker.API.csproj", "{6ECA0F28-C92A-48BA-B8B1-4A0439329E1C}"
EndProject
Project("{2150E333-8FDC-42A3-9474-1A3956D46DE8}") = "Source", "Source", "{18AC4EF0-15DA-43F9-9254-A275789E884F}"
EndProject
Project("{2150E333-8FDC-42A3-9474-1A3956D46DE8}") = "Building Blocks", "Building Blocks", "{47ECE8A4-C3B7-4880-A94D-B153318D9960}"
EndProject
Project("{2150E333-8FDC-42A3-9474-1A3956D46DE8}") = "Services", "Services", "{48B10681-0797-4B5C-B119-0B6D32D1B044}"
EndProject
Project("{2150E333-8FDC-42A3-9474-1A3956D46DE8}") = "UI", "UI", "{53498A89-76CF-485D-AE57-31B05FBFC553}"
EndProject
Project("{FAE04EC0-301F-11D3-BF4B-00C04F79EFBC}") = "PointingPoker.Common", "PointingPoker.Common\PointingPoker.Common.csproj", "{476B8086-9967-4D92-BEC6-673082DE1488}"
EndProject
Global
	GlobalSection(SolutionConfigurationPlatforms) = preSolution
		Debug|Any CPU = Debug|Any CPU
		Release|Any CPU = Release|Any CPU
	EndGlobalSection
	GlobalSection(ProjectConfigurationPlatforms) = postSolution
		{8085F32F-47A9-4FF2-9240-C5A26DE1936A}.Debug|Any CPU.ActiveCfg = Debug|Any CPU
		{8085F32F-47A9-4FF2-9240-C5A26DE1936A}.Debug|Any CPU.Build.0 = Debug|Any CPU
		{8085F32F-47A9-4FF2-9240-C5A26DE1936A}.Release|Any CPU.ActiveCfg = Release|Any CPU
		{8085F32F-47A9-4FF2-9240-C5A26DE1936A}.Release|Any CPU.Build.0 = Release|Any CPU
		{9D335CC7-5B48-4ACC-892E-E9EB31287647}.Debug|Any CPU.ActiveCfg = Debug|Any CPU
		{9D335CC7-5B48-4ACC-892E-E9EB31287647}.Debug|Any CPU.Build.0 = Debug|Any CPU
		{9D335CC7-5B48-4ACC-892E-E9EB31287647}.Release|Any CPU.ActiveCfg = Release|Any CPU
		{9D335CC7-5B48-4ACC-892E-E9EB31287647}.Release|Any CPU.Build.0 = Release|Any CPU
		{6ECA0F28-C92A-48BA-B8B1-4A0439329E1C}.Debug|Any CPU.ActiveCfg = Debug|Any CPU
		{6ECA0F28-C92A-48BA-B8B1-4A0439329E1C}.Debug|Any CPU.Build.0 = Debug|Any CPU
		{6ECA0F28-C92A-48BA-B8B1-4A0439329E1C}.Release|Any CPU.ActiveCfg = Release|Any CPU
		{6ECA0F28-C92A-48BA-B8B1-4A0439329E1C}.Release|Any CPU.Build.0 = Release|Any CPU
		{476B8086-9967-4D92-BEC6-673082DE1488}.Debug|Any CPU.ActiveCfg = Debug|Any CPU
		{476B8086-9967-4D92-BEC6-673082DE1488}.Debug|Any CPU.Build.0 = Debug|Any CPU
		{476B8086-9967-4D92-BEC6-673082DE1488}.Release|Any CPU.ActiveCfg = Release|Any CPU
		{476B8086-9967-4D92-BEC6-673082DE1488}.Release|Any CPU.Build.0 = Release|Any CPU
	EndGlobalSection
	GlobalSection(SolutionProperties) = preSolution
		HideSolutionNode = FALSE
	EndGlobalSection
	GlobalSection(NestedProjects) = preSolution
		{8085F32F-47A9-4FF2-9240-C5A26DE1936A} = {53498A89-76CF-485D-AE57-31B05FBFC553}
		{9D335CC7-5B48-4ACC-892E-E9EB31287647} = {53498A89-76CF-485D-AE57-31B05FBFC553}
		{6ECA0F28-C92A-48BA-B8B1-4A0439329E1C} = {48B10681-0797-4B5C-B119-0B6D32D1B044}
		{47ECE8A4-C3B7-4880-A94D-B153318D9960} = {18AC4EF0-15DA-43F9-9254-A275789E884F}
		{48B10681-0797-4B5C-B119-0B6D32D1B044} = {18AC4EF0-15DA-43F9-9254-A275789E884F}
		{53498A89-76CF-485D-AE57-31B05FBFC553} = {18AC4EF0-15DA-43F9-9254-A275789E884F}
		{476B8086-9967-4D92-BEC6-673082DE1488} = {47ECE8A4-C3B7-4880-A94D-B153318D9960}
	EndGlobalSection
	GlobalSection(ExtensibilityGlobals) = postSolution
		SolutionGuid = {16EAE4EE-0074-4B04-AF5F-CEA29EC0FEBC}
	EndGlobalSection
EndGlobal
